github.com/hashicorp/terraform-plugin-sdk/v2 v2.26.1 h1:G9WAfb8LHeCxu7Ae8nc1agZlQOSCUWsb610iAogBhCs=
github.com/hashicorp/terraform-plugin-sdk/v2 v2.26.1/go.mod h1:xcOSYlRVdPLmDUoqPhO9fiO/YCN/l6MGYeTzGt5jgkQ=
golang.org/x/crypto v0.14.0 h1:wBqGXzWJW6m1XrIKlAH0Hs1JJ7+9KBwnIO8v66Q9cHc=
golang.org/x/crypto v0.14.0/go.mod h1:MVFd36DqK4CsrnJYDkBA3VC4m2GkXAM0PvzMCn4JQf4=
